{
  "object": {
    "pins": [
      {
        "package": "cmark",
        "repositoryURL": "https://github.com/apple/swift-cmark.git",
        "state": {
          "branch": "master",
          "revision": "2a766030bee955b4806044fd7aca1b6884475138",
          "version": null
        }
      }
    ]
  },
  "version": 1
}
